// !$*UTF8*$!
{
	archiveVersion = 1;
	classes = {
	};
	objectVersion = 56;
	objects = {

/* Begin PBXBuildFile section */
		33D7B2F22899385E00F8A8E8 /* Pizza_Shop_UIApp.swift in Sources */ = {isa = PBXBuildFile; fileRef = 33D7B2F12899385E00F8A8E8 /* Pizza_Shop_UIApp.swift */; };
		33D7B2F42899385E00F8A8E8 /* ContentView.swift in Sources */ = {isa = PBXBuildFile; fileRef = 33D7B2F32899385E00F8A8E8 /* ContentView.swift */; };
		33D7B2F62899385F00F8A8E8 /* Assets.xcassets in Resources */ = {isa = PBXBuildFile; fileRef = 33D7B2F52899385F00F8A8E8 /* Assets.xcassets */; };
		33D7B2F92899385F00F8A8E8 /* Preview Assets.xcassets in Resources */ = {isa = PBXBuildFile; fileRef = 33D7B2F82899385F00F8A8E8 /* Preview Assets.xcassets */; };
		33D7B3032899388600F8A8E8 /* Extensions.swift in Sources */ = {isa = PBXBuildFile; fileRef = 33D7B3022899388600F8A8E8 /* Extensions.swift */; };
		33D7B3052899390400F8A8E8 /* Home.swift in Sources */ = {isa = PBXBuildFile; fileRef = 33D7B3042899390400F8A8E8 /* Home.swift */; };
		33D7B3072899390E00F8A8E8 /* ViewModel.swift in Sources */ = {isa = PBXBuildFile; fileRef = 33D7B3062899390E00F8A8E8 /* ViewModel.swift */; };
		33D7B309289949C500F8A8E8 /* BottomMenu.swift in Sources */ = {isa = PBXBuildFile; fileRef = 33D7B308289949C500F8A8E8 /* BottomMenu.swift */; };
/* End PBXBuildFile section */

/* Begin PBXFileReference section */
		33D7B2EE2899385E00F8A8E8 /* Pizza-Shop-UI.app */ = {isa = PBXFileReference; explicitFileType = wrapper.application; includeInIndex = 0; path = "Pizza-Shop-UI.app"; sourceTree = BUILT_PRODUCTS_DIR; };
		33D7B2F12899385E00F8A8E8 /* Pizza_Shop_UIApp.swift */ = {isa = PBXFileReference; lastKnownFileType = sourcecode.swift; path = Pizza_Shop_UIApp.swift; sourceTree = "<group>"; };
		33D7B2F32899385E00F8A8E8 /* ContentView.swift */ = {isa = PBXFileReference; lastKnownFileType = sourcecode.swift; path = ContentView.swift; sourceTree = "<group>"; };
		33D7B2F52899385F00F8A8E8 /* Assets.xcassets */ = {isa = PBXFileReference; lastKnownFileType = folder.assetcatalog; path = Assets.xcassets; sourceTree = "<group>"; };
		33D7B2F82899385F00F8A8E8 /* Preview Assets.xcassets */ = {isa = PBXFileReference; lastKnownFileType = folder.assetcatalog; path = "Preview Assets.xcassets"; sourceTree = "<group>"; };
		33D7B3022899388600F8A8E8 /* Extensions.swift */ = {isa = PBXFileReference; lastKnownFileType = sourcecode.swift; path = Extensions.swift; sourceTree = "<group>"; };
		33D7B3042899390400F8A8E8 /* Home.swift */ = {isa = PBXFileReference; lastKnownFileType = sourcecode.swift; path = Home.swift; sourceTree = "<group>"; };
		33D7B3062899390E00F8A8E8 /* ViewModel.swift */ = {isa = PBXFileReference; lastKnownFileType = sourcecode.swift; path = ViewModel.swift; sourceTree = "<group>"; };
		33D7B308289949C500F8A8E8 /* BottomMenu.swift */ = {isa = PBXFileReference; lastKnownFileType = sourcecode.swift; path = BottomMenu.swift; sourceTree = "<group>"; };
/* End PBXFileReference section */

/* Begin PBXFrameworksBuildPhase section */
		33D7B2EB2899385E00F8A8E8 /* Frameworks */ = {
			isa = PBXFrameworksBuildPhase;
			buildActionMask = 2147483647;
			files = (
			);
			runOnlyForDeploymentPostprocessing = 0;
		};
/* End PBXFrameworksBuildPhase section */

/* Begin PBXGroup section */
		33D7B2E52899385E00F8A8E8 = {
			isa = PBXGroup;
			children = (
				33D7B2F02899385E00F8A8E8 /* Pizza-Shop-UI */,
				33D7B2EF2899385E00F8A8E8 /* Products */,
			);
			sourceTree = "<group>";
		};
		33D7B2EF2899385E00F8A8E8 /* Products */ = {
			isa = PBXGroup;
			children = (
				33D7B2EE2899385E00F8A8E8 /* Pizza-Shop-UI.app */,
			);
			name = Products;
			sourceTree = "<group>";
		};
		33D7B2F02899385E00F8A8E8 /* Pizza-Shop-UI */ = {
			isa = PBXGroup;
			children = (
				33D7B3062899390E00F8A8E8 /* ViewModel.swift */,
				33D7B3012899387900F8A8E8 /* Utils */,
				33D7B3002899387400F8A8E8 /* Models */,
				33D7B2FF2899386E00F8A8E8 /* Views */,
				33D7B2F12899385E00F8A8E8 /* Pizza_Shop_UIApp.swift */,
				33D7B2F52899385F00F8A8E8 /* Assets.xcassets */,
				33D7B2F72899385F00F8A8E8 /* Preview Content */,
			);
			path = "Pizza-Shop-UI";
			sourceTree = "<group>";
		};
		33D7B2F72899385F00F8A8E8 /* Preview Content */ = {
			isa = PBXGroup;
			children = (
				33D7B2F82899385F00F8A8E8 /* Preview Assets.xcassets */,
			);
			path = "Preview Content";
			sourceTree = "<group>";
		};
		33D7B2FF2899386E00F8A8E8 /* Views */ = {
			isa = PBXGroup;
			children = (
				33D7B2F32899385E00F8A8E8 /* ContentView.swift */,
				33D7B3042899390400F8A8E8 /* Home.swift */,
				33D7B308289949C500F8A8E8 /* BottomMenu.swift */,
			);
			path = Views;
			sourceTree = "<group>";
		};
		33D7B3002899387400F8A8E8 /* Models */ = {
			isa = PBXGroup;
			children = (
			);
			path = Models;
			sourceTree = "<group>";
		};
		33D7B3012899387900F8A8E8 /* Utils */ = {
			isa = PBXGroup;
			children = (
				33D7B3022899388600F8A8E8 /* Extensions.swift */,
			);
			path = Utils;
			sourceTree = "<group>";
		};
/* End PBXGroup section */

/* Begin PBXNativeTarget section */
		33D7B2ED2899385E00F8A8E8 /* Pizza-Shop-UI */ = {
			isa = PBXNativeTarget;
			buildConfigurationList = 33D7B2FC2899385F00F8A8E8 /* Build configuration list for PBXNativeTarget "Pizza-Shop-UI" */;
			buildPhases = (
				33D7B2EA2899385E00F8A8E8 /* Sources */,
				33D7B2EB2899385E00F8A8E8 /* Frameworks */,
				33D7B2EC2899385E00F8A8E8 /* Resources */,
			);
			buildRules = (
			);
			dependencies = (
			);
			name = "Pizza-Shop-UI";
			productName = "Pizza-Shop-UI";
			productReference = 33D7B2EE2899385E00F8A8E8 /* Pizza-Shop-UI.app */;
			productType = "com.apple.product-type.application";
		};
/* End PBXNativeTarget section */

/* Begin PBXProject section */
		33D7B2E62899385E00F8A8E8 /* Project object */ = {
			isa = PBXProject;
			attributes = {
				BuildIndependentTargetsInParallel = 1;
				LastSwiftUpdateCheck = 1400;
				LastUpgradeCheck = 1400;
				TargetAttributes = {
					33D7B2ED2899385E00F8A8E8 = {
						CreatedOnToolsVersion = 14.0;
					};
				};
			};
			buildConfigurationList = 33D7B2E92899385E00F8A8E8 /* Build configuration list for PBXProject "Pizza-Shop-UI" */;
			compatibilityVersion = "Xcode 14.0";
			developmentRegion = en;
			hasScannedForEncodings = 0;
			knownRegions = (
				en,
				Base,
			);
			mainGroup = 33D7B2E52899385E00F8A8E8;
			productRefGroup = 33D7B2EF2899385E00F8A8E8 /* Products */;
			projectDirPath = "";
			projectRoot = "";
			targets = (
				33D7B2ED2899385E00F8A8E8 /* Pizza-Shop-UI */,
			);
		};
/* End PBXProject section */

/* Begin PBXResourcesBuildPhase section */
		33D7B2EC2899385E00F8A8E8 /* Resources */ = {
			isa = PBXResourcesBuildPhase;
			buildActionMask = 2147483647;
			files = (
				33D7B2F92899385F00F8A8E8 /* Preview Assets.xcassets in Resources */,
				33D7B2F62899385F00F8A8E8 /* Assets.xcassets in Resources */,
			);
			runOnlyForDeploymentPostprocessing = 0;
		};
/* End PBXResourcesBuildPhase section */

/* Begin PBXSourcesBuildPhase section */
		33D7B2EA2899385E00F8A8E8 /* Sources */ = {
			isa = PBXSourcesBuildPhase;
			buildActionMask = 2147483647;
			files = (
				33D7B3072899390E00F8A8E8 /* ViewModel.swift in Sources */,
				33D7B2F42899385E00F8A8E8 /* ContentView.swift in Sources */,
				33D7B3032899388600F8A8E8 /* Extensions.swift in Sources */,
				33D7B309289949C500F8A8E8 /* BottomMenu.swift in Sources */,
				33D7B3052899390400F8A8E8 /* Home.swift in Sources */,
				33D7B2F22899385E00F8A8E8 /* Pizza_Shop_UIApp.swift in Sources */,
			);
			runOnlyForDeploymentPostprocessing = 0;
		};
/* End PBXSourcesBuildPhase section */

/* Begin XCBuildConfiguration section */
		33D7B2FA2899385F00F8A8E8 /* Debug */ = {
			isa = XCBuildConfiguration;
			buildSettings = {
				ALWAYS_SEARCH_USER_PATHS = NO;
				CLANG_ANALYZER_NONNULL = YES;
				CLANG_ANALYZER_NUMBER_OBJECT_CONVERSION = YES_AGGRESSIVE;
				CLANG_CXX_LANGUAGE_STANDARD = "gnu++17";
				CLANG_ENABLE_MODULES = YES;
				CLANG_ENABLE_OBJC_ARC = YES;
				CLANG_ENABLE_OBJC_WEAK = YES;
				CLANG_WARN_BLOCK_CAPTURE_AUTORELEASING = YES;
				CLANG_WARN_BOOL_CONVERSION = YES;
				CLANG_WARN_COMMA = YES;
				CLANG_WARN_CONSTANT_CONVERSION = YES;
				CLANG_WARN_DEPRECATED_OBJC_IMPLEMENTATIONS = YES;
				CLANG_WARN_DIRECT_OBJC_ISA_USAGE = YES_ERROR;
				CLANG_WARN_DOCUMENTATION_COMMENTS = YES;
				CLANG_WARN_EMPTY_BODY = YES;
				CLANG_WARN_ENUM_CONVERSION = YES;
				CLANG_WARN_INFINITE_RECURSION = YES;
				CLANG_WARN_INT_CONVERSION = YES;
				CLANG_WARN_NON_LITERAL_NULL_CONVERSION = YES;
				CLANG_WARN_OBJC_IMPLICIT_RETAIN_SELF = YES;
				CLANG_WARN_OBJC_LITERAL_CONVERSION = YES;
				CLANG_WARN_OBJC_ROOT_CLASS = YES_ERROR;
				CLANG_WARN_QUOTED_INCLUDE_IN_FRAMEWORK_HEADER = YES;
				CLANG_WARN_RANGE_LOOP_ANALYSIS = YES;
				CLANG_WARN_STRICT_PROTOTYPES = YES;
				CLANG_WARN_SUSPICIOUS_MOVE = YES;
				CLANG_WARN_UNGUARDED_AVAILABILITY = YES_AGGRESSIVE;
				CLANG_WARN_UNREACHABLE_CODE = YES;
				CLANG_WARN__DUPLICATE_METHOD_MATCH = YES;
				COPY_PHASE_STRIP = NO;
				DEBUG_INFORMATION_FORMAT = dwarf;
				ENABLE_STRICT_OBJC_MSGSEND = YES;
				ENABLE_TESTABILITY = YES;
				GCC_C_LANGUAGE_STANDARD = gnu11;
				GCC_DYNAMIC_NO_PIC = NO;
				GCC_NO_COMMON_BLOCKS = YES;
				GCC_OPTIMIZATION_LEVEL = 0;
				GCC_PREPROCESSOR_DEFINITIONS = (
					"DEBUG=1",
					"$(inherited)",
				);
				GCC_WARN_64_TO_32_BIT_CONVERSION = YES;
				GCC_WARN_ABOUT_RETURN_TYPE = YES_ERROR;
				GCC_WARN_UNDECLARED_SELECTOR = YES;
				GCC_WARN_UNINITIALIZED_AUTOS = YES_AGGRESSIVE;
				GCC_WARN_UNUSED_FUNCTION = YES;
				GCC_WARN_UNUSED_VARIABLE = YES;
				IPHONEOS_DEPLOYMENT_TARGET = 16.0;
				MTL_ENABLE_DEBUG_INFO = INCLUDE_SOURCE;
				MTL_FAST_MATH = YES;
				ONLY_ACTIVE_ARCH = YES;
				SDKROOT = iphoneos;
				SWIFT_ACTIVE_COMPILATION_CONDITIONS = DEBUG;
				SWIFT_OPTIMIZATION_LEVEL = "-Onone";
			};
			name = Debug;
		};
		33D7B2FB2899385F00F8A8E8 /* Release */ = {
			isa = XCBuildConfiguration;
			buildSettings = {
				ALWAYS_SEARCH_USER_PATHS = NO;
				CLANG_ANALYZER_NONNULL = YES;
				CLANG_ANALYZER_NUMBER_OBJECT_CONVERSION = YES_AGGRESSIVE;
				CLANG_CXX_LANGUAGE_STANDARD = "gnu++17";
				CLANG_ENABLE_MODULES = YES;
				CLANG_ENABLE_OBJC_ARC = YES;
				CLANG_ENABLE_OBJC_WEAK = YES;
				CLANG_WARN_BLOCK_CAPTURE_AUTORELEASING = YES;
				CLANG_WARN_BOOL_CONVERSION = YES;
				CLANG_WARN_COMMA = YES;
				CLANG_WARN_CONSTANT_CONVERSION = YES;
				CLANG_WARN_DEPRECATED_OBJC_IMPLEMENTATIONS = YES;
				CLANG_WARN_DIRECT_OBJC_ISA_USAGE = YES_ERROR;
				CLANG_WARN_DOCUMENTATION_COMMENTS = YES;
				CLANG_WARN_EMPTY_BODY = YES;
				CLANG_WARN_ENUM_CONVERSION = YES;
				CLANG_WARN_INFINITE_RECURSION = YES;
				CLANG_WARN_INT_CONVERSION = YES;
				CLANG_WARN_NON_LITERAL_NULL_CONVERSION = YES;
				CLANG_WARN_OBJC_IMPLICIT_RETAIN_SELF = YES;
				CLANG_WARN_OBJC_LITERAL_CONVERSION = YES;
				CLANG_WARN_OBJC_ROOT_CLASS = YES_ERROR;
				CLANG_WARN_QUOTED_INCLUDE_IN_FRAMEWORK_HEADER = YES;
				CLANG_WARN_RANGE_LOOP_ANALYSIS = YES;
				CLANG_WARN_STRICT_PROTOTYPES = YES;
				CLANG_WARN_SUSPICIOUS_MOVE = YES;
				CLANG_WARN_UNGUARDED_AVAILABILITY = YES_AGGRESSIVE;
				CLANG_WARN_UNREACHABLE_CODE = YES;
				CLANG_WARN__DUPLICATE_METHOD_MATCH = YES;
				COPY_PHASE_STRIP = NO;
				DEBUG_INFORMATION_FORMAT = "dwarf-with-dsym";
				ENABLE_NS_ASSERTIONS = NO;
				ENABLE_STRICT_OBJC_MSGSEND = YES;
				GCC_C_LANGUAGE_STANDARD = gnu11;
				GCC_NO_COMMON_BLOCKS = YES;
				GCC_WARN_64_TO_32_BIT_CONVERSION = YES;
				GCC_WARN_ABOUT_RETURN_TYPE = YES_ERROR;
				GCC_WARN_UNDECLARED_SELECTOR = YES;
				GCC_WARN_UNINITIALIZED_AUTOS = YES_AGGRESSIVE;
				GCC_WARN_UNUSED_FUNCTION = YES;
				GCC_WARN_UNUSED_VARIABLE = YES;
				IPHONEOS_DEPLOYMENT_TARGET = 16.0;
				MTL_ENABLE_DEBUG_INFO = NO;
				MTL_FAST_MATH = YES;
				SDKROOT = iphoneos;
				SWIFT_COMPILATION_MODE = wholemodule;
				SWIFT_OPTIMIZATION_LEVEL = "-O";
				VALIDATE_PRODUCT = YES;
			};
			name = Release;
		};
		33D7B2FD2899385F00F8A8E8 /* Debug */ = {
			isa = XCBuildConfiguration;
			buildSettings = {
				ASSETCATALOG_COMPILER_APPICON_NAME = AppIcon;
				ASSETCATALOG_COMPILER_GLOBAL_ACCENT_COLOR_NAME = AccentColor;
				CODE_SIGN_STYLE = Automatic;
				CURRENT_PROJECT_VERSION = 1;
				DEVELOPMENT_ASSET_PATHS = "\"Pizza-Shop-UI/Preview Content\"";
				DEVELOPMENT_TEAM = 6DWJWLSP44;
				ENABLE_PREVIEWS = YES;
				GENERATE_INFOPLIST_FILE = YES;
				INFOPLIST_KEY_UIApplicationSceneManifest_Generation = YES;
				INFOPLIST_KEY_UIApplicationSupportsIndirectInputEvents = YES;
				INFOPLIST_KEY_UILaunchScreen_Generation = YES;
				INFOPLIST_KEY_UISupportedInterfaceOrientations_iPad = "UIInterfaceOrientationPortrait UIInterfaceOrientationPortraitUpsideDown UIInterfaceOrientationLandscapeLeft UIInterfaceOrientationLandscapeRight";
				INFOPLIST_KEY_UISupportedInterfaceOrientations_iPhone = "UIInterfaceOrientationPortrait UIInterfaceOrientationLandscapeLeft UIInterfaceOrientationLandscapeRight";
				LD_RUNPATH_SEARCH_PATHS = (
					"$(inherited)",
					"@executable_path/Frameworks",
				);
				MARKETING_VERSION = 1.0;
				PRODUCT_BUNDLE_IDENTIFIER = "daniel.Pizza-Shop-UI";
				PRODUCT_NAME = "$(TARGET_NAME)";
				SWIFT_EMIT_LOC_STRINGS = YES;
				SWIFT_VERSION = 5.0;
				TARGETED_DEVICE_FAMILY = "1,2";
			};
			name = Debug;
		};
		33D7B2FE2899385F00F8A8E8 /* Release */ = {
			isa = XCBuildConfiguration;
			buildSettings = {
				ASSETCATALOG_COMPILER_APPICON_NAME = AppIcon;
				ASSETCATALOG_COMPILER_GLOBAL_ACCENT_COLOR_NAME = AccentColor;
				CODE_SIGN_STYLE = Automatic;
				CURRENT_PROJECT_VERSION = 1;
				DEVELOPMENT_ASSET_PATHS = "\"Pizza-Shop-UI/Preview Content\"";
				DEVELOPMENT_TEAM = 6DWJWLSP44;
				ENABLE_PREVIEWS = YES;
				GENERATE_INFOPLIST_FILE = YES;
				INFOPLIST_KEY_UIApplicationSceneManifest_Generation = YES;
				INFOPLIST_KEY_UIApplicationSupportsIndirectInputEvents = YES;
				INFOPLIST_KEY_UILaunchScreen_Generation = YES;
				INFOPLIST_KEY_UISupportedInterfaceOrientations_iPad = "UIInterfaceOrientationPortrait UIInterfaceOrientationPortraitUpsideDown UIInterfaceOrientationLandscapeLeft UIInterfaceOrientationLandscapeRight";
				INFOPLIST_KEY_UISupportedInterfaceOrientations_iPhone = "UIInterfaceOrientationPortrait UIInterfaceOrientationLandscapeLeft UIInterfaceOrientationLandscapeRight";
				LD_RUNPATH_SEARCH_PATHS = (
					"$(inherited)",
					"@executable_path/Frameworks",
				);
				MARKETING_VERSION = 1.0;
				PRODUCT_BUNDLE_IDENTIFIER = "daniel.Pizza-Shop-UI";
				PRODUCT_NAME = "$(TARGET_NAME)";
				SWIFT_EMIT_LOC_STRINGS = YES;
				SWIFT_VERSION = 5.0;
				TARGETED_DEVICE_FAMILY = "1,2";
			};
			name = Release;
		};
/* End XCBuildConfiguration section */

/* Begin XCConfigurationList section */
		33D7B2E92899385E00F8A8E8 /* Build configuration list for PBXProject "Pizza-Shop-UI" */ = {
			isa = XCConfigurationList;
			buildConfigurations = (
				33D7B2FA2899385F00F8A8E8 /* Debug */,
				33D7B2FB2899385F00F8A8E8 /* Release */,
			);
			defaultConfigurationIsVisible = 0;
			defaultConfigurationName = Release;
		};
		33D7B2FC2899385F00F8A8E8 /* Build configuration list for PBXNativeTarget "Pizza-Shop-UI" */ = {
			isa = XCConfigurationList;
			buildConfigurations = (
				33D7B2FD2899385F00F8A8E8 /* Debug */,
				33D7B2FE2899385F00F8A8E8 /* Release */,
			);
			defaultConfigurationIsVisible = 0;
			defaultConfigurationName = Release;
		};
/* End XCConfigurationList section */
	};
	rootObject = 33D7B2E62899385E00F8A8E8 /* Project object */;
}
